
Microsoft Visual Studio Solution File, Format Version 11.00
# Visual Studio 2010
Project("{FAE04EC0-301F-11D3-BF4B-00C04F79EFBC}") = "GadgetShop.Web", "GadgetShop.Web\GadgetShop.Web.csproj", "{B9F4871E-3450-474D-A6A1-6DBB4E58441E}"
EndProject
Project("{FAE04EC0-301F-11D3-BF4B-00C04F79EFBC}") = "GadgetShop.Domain", "GadgetShop.Domain\GadgetShop.Domain.csproj", "{12325C9C-63E6-442A-9CC2-BEFF35EEDF71}"
EndProject
Project("{FAE04EC0-301F-11D3-BF4B-00C04F79EFBC}") = "GadgetShop.Infrastructure", "GadgetShop.Infrastructure\GadgetShop.Infrastructure.csproj", "{C430FD22-5DB4-4C1D-8DA2-111F9522059E}"
EndProject
Global
	GlobalSection(SolutionConfigurationPlatforms) = preSolution
		Debug|Any CPU = Debug|Any CPU
		Release|Any CPU = Release|Any CPU
	EndGlobalSection
	GlobalSection(ProjectConfigurationPlatforms) = postSolution
		{B9F4871E-3450-474D-A6A1-6DBB4E58441E}.Debug|Any CPU.ActiveCfg = Debug|Any CPU
		{B9F4871E-3450-474D-A6A1-6DBB4E58441E}.Debug|Any CPU.Build.0 = Debug|Any CPU
		{B9F4871E-3450-474D-A6A1-6DBB4E58441E}.Release|Any CPU.ActiveCfg = Release|Any CPU
		{B9F4871E-3450-474D-A6A1-6DBB4E58441E}.Release|Any CPU.Build.0 = Release|Any CPU
		{12325C9C-63E6-442A-9CC2-BEFF35EEDF71}.Debug|Any CPU.ActiveCfg = Debug|Any CPU
		{12325C9C-63E6-442A-9CC2-BEFF35EEDF71}.Debug|Any CPU.Build.0 = Debug|Any CPU
		{12325C9C-63E6-442A-9CC2-BEFF35EEDF71}.Release|Any CPU.ActiveCfg = Release|Any CPU
		{12325C9C-63E6-442A-9CC2-BEFF35EEDF71}.Release|Any CPU.Build.0 = Release|Any CPU
		{C430FD22-5DB4-4C1D-8DA2-111F9522059E}.Debug|Any CPU.ActiveCfg = Debug|Any CPU
		{C430FD22-5DB4-4C1D-8DA2-111F9522059E}.Debug|Any CPU.Build.0 = Debug|Any CPU
		{C430FD22-5DB4-4C1D-8DA2-111F9522059E}.Release|Any CPU.ActiveCfg = Release|Any CPU
		{C430FD22-5DB4-4C1D-8DA2-111F9522059E}.Release|Any CPU.Build.0 = Release|Any CPU
	EndGlobalSection
	GlobalSection(SolutionProperties) = preSolution
		HideSolutionNode = FALSE
	EndGlobalSection
EndGlobal
